<?xml version="1.0" encoding="utf-8"?>
<Project ToolsVersion="4.0" xmlns="http://schemas.microsoft.com/developer/msbuild/2003">
  <ItemGroup>
    <Filter Include="Source Files">
      <UniqueIdentifier>{4FC737F1-C7A5-4376-A066-2A32D752A2FF}</UniqueIdentifier>
      <Extensions>cpp;c;cc;cxx;c++;cppm;ixx;def;odl;idl;hpj;bat;asm;asmx</Extensions>
    </Filter>
    <Filter Include="Header Files">
      <UniqueIdentifier>{93995380-89BD-4b04-88EB-625FBE52EBFB}</UniqueIdentifier>
      <Extensions>h;hh;hpp;hxx;h++;hm;inl;inc;ipp;xsd</Extensions>
    </Filter>
    <Filter Include="Resource Files">
      <UniqueIdentifier>{67DA6AB6-F800-4c08-8B7A-83BB121AAD01}</UniqueIdentifier>
      <Extensions>rc;ico;cur;bmp;dlg;rc2;rct;bin;rgs;gif;jpg;jpeg;jpe;resx;tiff;tif;png;wav;mfcribbon-ms</Extensions>
    </Filter>
    <Filter Include="Day1">
      <UniqueIdentifier>{f9996f73-7807-404a-aab6-7398b07e0bbb}</UniqueIdentifier>
    </Filter>
    <Filter Include="Day2">
      <UniqueIdentifier>{72ec8b0e-a783-4266-ac2b-15bcd74cc36a}</UniqueIdentifier>
    </Filter>
    <Filter Include="Day3">
      <UniqueIdentifier>{d74cbea9-4f1e-4e7b-9dd4-098b7cc6407a}</UniqueIdentifier>
    </Filter>
    <Filter Include="Day4">
      <UniqueIdentifier>{417df48e-0980-4406-881a-b6db8e54379f}</UniqueIdentifier>
    </Filter>
    <Filter Include="Day5">
      <UniqueIdentifier>{4858fe12-659f-429b-ae68-abfe7d3949f6}</UniqueIdentifier>
    </Filter>
    <Filter Include="Day6">
      <UniqueIdentifier>{9d6a7c59-8332-4666-9cc0-d877d0d3689b}</UniqueIdentifier>
    </Filter>
    <Filter Include="Day7">
      <UniqueIdentifier>{7b4b838a-d747-4ed4-845d-df90a0dd6f9a}</UniqueIdentifier>
    </Filter>
    <Filter Include="Day8">
      <UniqueIdentifier>{ad914646-632c-4180-b049-2b8255e7580f}</UniqueIdentifier>
    </Filter>
    <Filter Include="Day9">
      <UniqueIdentifier>{bfb78723-2911-45d5-a4c2-711b593b244a}</UniqueIdentifier>
    </Filter>
    <Filter Include="Day10">
      <UniqueIdentifier>{f3bf5577-d728-48ee-90f4-704363c488fc}</UniqueIdentifier>
    </Filter>
    <Filter Include="Day11">
      <UniqueIdentifier>{c11cf489-f565-4a9c-9c13-f34b4ec55d85}</UniqueIdentifier>
    </Filter>
    <Filter Include="Day12">
      <UniqueIdentifier>{c082c3f6-3919-4c2f-b1fe-65db8e7307f6}</UniqueIdentifier>
    </Filter>
    <Filter Include="Day13">
      <UniqueIdentifier>{8933a60e-89f5-4d6d-8db4-a0975051199a}</UniqueIdentifier>
    </Filter>
    <Filter Include="Day14">
      <UniqueIdentifier>{71834f22-2003-4ad0-bf6e-92fe7ea1f4b5}</UniqueIdentifier>
    </Filter>
    <Filter Include="Day15">
      <UniqueIdentifier>{d981e48a-ddaa-490a-ab2a-3e193d27447d}</UniqueIdentifier>
    </Filter>
    <Filter Include="Day16">
      <UniqueIdentifier>{6320bca3-1ab4-4e8c-aab2-3b754105b03f}</UniqueIdentifier>
    </Filter>
    <Filter Include="Day17">
      <UniqueIdentifier>{4f8a1115-7b6c-42ee-a36b-e13d9d25b9af}</UniqueIdentifier>
    </Filter>
    <Filter Include="Day18">
      <UniqueIdentifier>{27dacd8f-bc7f-454a-9911-2a883e069f86}</UniqueIdentifier>
    </Filter>
    <Filter Include="Day19">
      <UniqueIdentifier>{f53a5505-015d-4f0e-a9fe-9688e03c29fd}</UniqueIdentifier>
    </Filter>
    <Filter Include="Day20">
      <UniqueIdentifier>{7fd17f45-970d-48e6-9524-7b69af488d5c}</UniqueIdentifier>
    </Filter>
  </ItemGroup>
  <ItemGroup>
    <ClCompile Include="AdventOfCode2020.cpp">
      <Filter>Source Files</Filter>
    </ClCompile>
    <ClCompile Include="day1\day1puzzle1.cpp">
      <Filter>Day1</Filter>
    </ClCompile>
    <ClCompile Include="day1\day1puzzle2.cpp">
      <Filter>Day1</Filter>
    </ClCompile>
    <ClCompile Include="day2\day2puzzle1.cpp">
      <Filter>Day2</Filter>
    </ClCompile>
    <ClCompile Include="day2\day2puzzle2.cpp">
      <Filter>Day2</Filter>
    </ClCompile>
    <ClCompile Include="day3\day3puzzle1.cpp">
      <Filter>Day3</Filter>
    </ClCompile>
    <ClCompile Include="day3\day3puzzle2.cpp">
      <Filter>Day3</Filter>
    </ClCompile>
    <ClCompile Include="day4\day4puzzle1.cpp">
      <Filter>Day4</Filter>
    </ClCompile>
    <ClCompile Include="day4\day4puzzle2.cpp">
      <Filter>Day4</Filter>
    </ClCompile>
    <ClCompile Include="day5\day5puzzle1.cpp">
      <Filter>Day5</Filter>
    </ClCompile>
    <ClCompile Include="day5\day5puzzle2.cpp">
      <Filter>Day5</Filter>
    </ClCompile>
    <ClCompile Include="day6\day6puzzle1.cpp">
      <Filter>Day6</Filter>
    </ClCompile>
    <ClCompile Include="day6\day6puzzle2.cpp">
      <Filter>Day6</Filter>
    </ClCompile>
    <ClCompile Include="day7\day7puzzle1.cpp">
      <Filter>Day7</Filter>
    </ClCompile>
    <ClCompile Include="day7\day7puzzle2.cpp">
      <Filter>Day7</Filter>
    </ClCompile>
    <ClCompile Include="day8\day8puzzle1.cpp">
      <Filter>Day8</Filter>
    </ClCompile>
    <ClCompile Include="day8\day8puzzle2.cpp">
      <Filter>Day8</Filter>
    </ClCompile>
    <ClCompile Include="day9\day9puzzle1.cpp">
      <Filter>Day9</Filter>
    </ClCompile>
    <ClCompile Include="day9\day9puzzle2.cpp">
      <Filter>Day9</Filter>
    </ClCompile>
    <ClCompile Include="day10\day10puzzle1.cpp">
      <Filter>Day10</Filter>
    </ClCompile>
    <ClCompile Include="day10\day10puzzle2.cpp">
      <Filter>Day10</Filter>
    </ClCompile>
    <ClCompile Include="day11\day11puzzle1.cpp">
      <Filter>Day11</Filter>
    </ClCompile>
    <ClCompile Include="day11\day11puzzle2.cpp">
      <Filter>Day11</Filter>
    </ClCompile>
    <ClCompile Include="day12\day12puzzle1.cpp">
      <Filter>Day12</Filter>
    </ClCompile>
    <ClCompile Include="day12\day12puzzle2.cpp">
      <Filter>Day12</Filter>
    </ClCompile>
    <ClCompile Include="day13\day13puzzle1.cpp">
      <Filter>Day13</Filter>
    </ClCompile>
    <ClCompile Include="day13\day13puzzle2.cpp">
      <Filter>Day13</Filter>
    </ClCompile>
    <ClCompile Include="day14\day14puzzle1.cpp">
      <Filter>Day14</Filter>
    </ClCompile>
    <ClCompile Include="day14\day14puzzle2.cpp">
      <Filter>Day14</Filter>
    </ClCompile>
    <ClCompile Include="day15\day15puzzle1.cpp">
      <Filter>Day15</Filter>
    </ClCompile>
    <ClCompile Include="day15\day15puzzle2.cpp">
      <Filter>Day15</Filter>
    </ClCompile>
    <ClCompile Include="day16\day16puzzle1.cpp">
      <Filter>Day16</Filter>
    </ClCompile>
    <ClCompile Include="day16\day16puzzle2.cpp">
      <Filter>Day16</Filter>
    </ClCompile>
    <ClCompile Include="day17\day17puzzle1.cpp">
      <Filter>Day17</Filter>
    </ClCompile>
    <ClCompile Include="day17\day17puzzle2.cpp">
      <Filter>Day17</Filter>
    </ClCompile>
    <ClCompile Include="day18\day18puzzle1.cpp">
      <Filter>Day18</Filter>
    </ClCompile>
    <ClCompile Include="day18\day18puzzle2.cpp">
      <Filter>Day18</Filter>
    </ClCompile>
    <ClCompile Include="day19\day19puzzle1.cpp">
      <Filter>Day19</Filter>
    </ClCompile>
    <ClCompile Include="day19\day19puzzle2.cpp">
      <Filter>Day19</Filter>
    </ClCompile>
    <ClCompile Include="day20\day20puzzle1.cpp">
      <Filter>Day20</Filter>
    </ClCompile>
  </ItemGroup>
  <ItemGroup>
    <ClInclude Include="day1\day1puzzle1.h">
      <Filter>Day1</Filter>
    </ClInclude>
    <ClInclude Include="day1\day1puzzle2.h">
      <Filter>Day1</Filter>
    </ClInclude>
    <ClInclude Include="day2\day2puzzle1.h">
      <Filter>Day2</Filter>
    </ClInclude>
    <ClInclude Include="day2\day2puzzle2.h">
      <Filter>Day2</Filter>
    </ClInclude>
    <ClInclude Include="day3\day3puzzle1.h">
      <Filter>Day3</Filter>
    </ClInclude>
    <ClInclude Include="day3\day3puzzle2.h">
      <Filter>Day3</Filter>
    </ClInclude>
    <ClInclude Include="day4\day4puzzle1.h">
      <Filter>Day4</Filter>
    </ClInclude>
    <ClInclude Include="day4\day4puzzle2.h">
      <Filter>Day4</Filter>
    </ClInclude>
    <ClInclude Include="day5\day5puzzle1.h">
      <Filter>Day5</Filter>
    </ClInclude>
    <ClInclude Include="day5\day5puzzle2.h">
      <Filter>Day5</Filter>
    </ClInclude>
    <ClInclude Include="day6\day6puzzle1.h">
      <Filter>Day6</Filter>
    </ClInclude>
    <ClInclude Include="day6\day6puzzle2.h">
      <Filter>Day6</Filter>
    </ClInclude>
    <ClInclude Include="day7\day7puzzle1.h">
      <Filter>Day7</Filter>
    </ClInclude>
    <ClInclude Include="day7\day7puzzle2.h">
      <Filter>Day7</Filter>
    </ClInclude>
    <ClInclude Include="day8\day8puzzle1.h">
      <Filter>Day8</Filter>
    </ClInclude>
    <ClInclude Include="day8\day8puzzle2.h">
      <Filter>Day8</Filter>
    </ClInclude>
    <ClInclude Include="day9\day9puzzle1.h">
      <Filter>Day9</Filter>
    </ClInclude>
    <ClInclude Include="day9\day9puzzle2.h">
      <Filter>Day9</Filter>
    </ClInclude>
    <ClInclude Include="day10\day10puzzle1.h">
      <Filter>Day10</Filter>
    </ClInclude>
    <ClInclude Include="day10\day10puzzle2.h">
      <Filter>Day10</Filter>
    </ClInclude>
    <ClInclude Include="day11\day11puzzle1.h">
      <Filter>Day11</Filter>
    </ClInclude>
    <ClInclude Include="day11\day11puzzle2.h">
      <Filter>Day11</Filter>
    </ClInclude>
    <ClInclude Include="day12\day12puzzle1.h">
      <Filter>Day12</Filter>
    </ClInclude>
    <ClInclude Include="day12\day12puzzle2.h">
      <Filter>Day12</Filter>
    </ClInclude>
    <ClInclude Include="day13\day13puzzle1.h">
      <Filter>Day13</Filter>
    </ClInclude>
    <ClInclude Include="day13\day13puzzle2.h">
      <Filter>Day13</Filter>
    </ClInclude>
    <ClInclude Include="day14\day14puzzle1.h">
      <Filter>Day14</Filter>
    </ClInclude>
    <ClInclude Include="day14\day14puzzle2.h">
      <Filter>Day14</Filter>
    </ClInclude>
    <ClInclude Include="day15\day15puzzle1.h">
      <Filter>Day15</Filter>
    </ClInclude>
    <ClInclude Include="day15\day15puzzle2.h">
      <Filter>Day15</Filter>
    </ClInclude>
    <ClInclude Include="day16\day16puzzle1.h">
      <Filter>Day16</Filter>
    </ClInclude>
    <ClInclude Include="day16\day16puzzle2.h">
      <Filter>Day16</Filter>
    </ClInclude>
    <ClInclude Include="day17\day17puzzle1.h">
      <Filter>Day17</Filter>
    </ClInclude>
    <ClInclude Include="day17\day17puzzle2.h">
      <Filter>Day17</Filter>
    </ClInclude>
    <ClInclude Include="day18\day18puzzle1.h">
      <Filter>Day18</Filter>
    </ClInclude>
    <ClInclude Include="day18\day18puzzle2.h">
      <Filter>Day18</Filter>
    </ClInclude>
    <ClInclude Include="day19\day19puzzle1.h">
      <Filter>Day19</Filter>
    </ClInclude>
    <ClInclude Include="day19\day19puzzle2.h">
      <Filter>Day19</Filter>
    </ClInclude>
    <ClInclude Include="day20\day20puzzle1.h">
      <Filter>Day20</Filter>
    </ClInclude>
  </ItemGroup>
  <ItemGroup>
    <Text Include="day2\day2Input.txt">
      <Filter>Day2</Filter>
    </Text>
    <Text Include="day3\day3Input.txt">
      <Filter>Day3</Filter>
    </Text>
    <Text Include="day1\day1Input.txt">
      <Filter>Day1</Filter>
    </Text>
    <Text Include="day4\day4Input.txt">
      <Filter>Day4</Filter>
    </Text>
    <Text Include="day5\day5Input.txt">
      <Filter>Day5</Filter>
    </Text>
    <Text Include="day6\day6Input.txt">
      <Filter>Day6</Filter>
    </Text>
    <Text Include="day7\day7Input.txt">
      <Filter>Day7</Filter>
    </Text>
    <Text Include="day8\day8Input.txt">
      <Filter>Day8</Filter>
    </Text>
    <Text Include="day9\day9Input.txt">
      <Filter>Day9</Filter>
    </Text>
    <Text Include="day10\day10Input.txt">
      <Filter>Day10</Filter>
    </Text>
    <Text Include="day11\day11Input.txt">
      <Filter>Day11</Filter>
    </Text>
    <Text Include="day12\day12Input.txt">
      <Filter>Day12</Filter>
    </Text>
    <Text Include="day13\day13Input.txt">
      <Filter>Day13</Filter>
    </Text>
    <Text Include="day14\day14Input.txt">
      <Filter>Day14</Filter>
    </Text>
    <Text Include="day15\day15Input.txt">
      <Filter>Day15</Filter>
    </Text>
    <Text Include="day16\day16Input.txt">
      <Filter>Day16</Filter>
    </Text>
    <Text Include="day17\day17Input.txt">
      <Filter>Day17</Filter>
    </Text>
    <Text Include="day18\day18Input.txt">
      <Filter>Day18</Filter>
    </Text>
    <Text Include="day19\day19Input.txt">
      <Filter>Day19</Filter>
    </Text>
    <Text Include="day20\day20Input.txt">
      <Filter>Day20</Filter>
    </Text>
  </ItemGroup>
</Project>