<?xml version="1.0" encoding="utf-8"?>
<Project ToolsVersion="4.0" xmlns="http://schemas.microsoft.com/developer/msbuild/2003">
  <ItemGroup>
    <Filter Include="Source Files">
      <UniqueIdentifier>{4FC737F1-C7A5-4376-A066-2A32D752A2FF}</UniqueIdentifier>
      <Extensions>cpp;c;cc;cxx;c++;cppm;ixx;def;odl;idl;hpj;bat;asm;asmx</Extensions>
    </Filter>
    <Filter Include="Header Files">
      <UniqueIdentifier>{93995380-89BD-4b04-88EB-625FBE52EBFB}</UniqueIdentifier>
      <Extensions>h;hh;hpp;hxx;h++;hm;inl;inc;ipp;xsd</Extensions>
    </Filter>
    <Filter Include="Resource Files">
      <UniqueIdentifier>{67DA6AB6-F800-4c08-8B7A-83BB121AAD01}</UniqueIdentifier>
      <Extensions>rc;ico;cur;bmp;dlg;rc2;rct;bin;rgs;gif;jpg;jpeg;jpe;resx;tiff;tif;png;wav;mfcribbon-ms</Extensions>
    </Filter>
    <Filter Include="Day1">
      <UniqueIdentifier>{f9996f73-7807-404a-aab6-7398b07e0bbb}</UniqueIdentifier>
    </Filter>
    <Filter Include="Day2">
      <UniqueIdentifier>{72ec8b0e-a783-4266-ac2b-15bcd74cc36a}</UniqueIdentifier>
    </Filter>
    <Filter Include="Day3">
      <UniqueIdentifier>{d74cbea9-4f1e-4e7b-9dd4-098b7cc6407a}</UniqueIdentifier>
    </Filter>
  </ItemGroup>
  <ItemGroup>
    <ClCompile Include="AdventOfCode2020.cpp">
      <Filter>Source Files</Filter>
    </ClCompile>
    <ClCompile Include="day1\day1puzzle1.cpp">
      <Filter>Day1</Filter>
    </ClCompile>
    <ClCompile Include="day1\day1puzzle2.cpp">
      <Filter>Day1</Filter>
    </ClCompile>
    <ClCompile Include="day2\day2puzzle1.cpp">
      <Filter>Day2</Filter>
    </ClCompile>
    <ClCompile Include="day2\day2puzzle2.cpp">
      <Filter>Day2</Filter>
    </ClCompile>
    <ClCompile Include="day3\day3puzzle1.cpp">
      <Filter>Day3</Filter>
    </ClCompile>
    <ClCompile Include="day3\day3puzzle2.cpp">
      <Filter>Day3</Filter>
    </ClCompile>
  </ItemGroup>
  <ItemGroup>
    <ClInclude Include="day1\day1puzzle1.h">
      <Filter>Day1</Filter>
    </ClInclude>
    <ClInclude Include="day1\day1puzzle2.h">
      <Filter>Day1</Filter>
    </ClInclude>
    <ClInclude Include="day2\day2puzzle1.h">
      <Filter>Day2</Filter>
    </ClInclude>
    <ClInclude Include="day2\day2puzzle2.h">
      <Filter>Day2</Filter>
    </ClInclude>
    <ClInclude Include="day3\day3puzzle1.h">
      <Filter>Day3</Filter>
    </ClInclude>
    <ClInclude Include="day3\day3puzzle2.h">
      <Filter>Day3</Filter>
    </ClInclude>
  </ItemGroup>
  <ItemGroup>
    <Text Include="day2\day2Input.txt">
      <Filter>Day2</Filter>
    </Text>
    <Text Include="day3\day3Input.txt">
      <Filter>Day3</Filter>
    </Text>
    <Text Include="day1\day1Input.txt">
      <Filter>Day1</Filter>
    </Text>
  </ItemGroup>
</Project>